
Microsoft Visual Studio Solution File, Format Version 12.00
# Visual Studio Version 17
VisualStudioVersion = 17.0.32014.148
MinimumVisualStudioVersion = 10.0.40219.1
Project("{FAE04EC0-301F-11D3-BF4B-00C04F79EFBC}") = "Atividade4", "Atividade4.csproj", "{372B403A-8D94-4F0B-B4A5-F6F849F2C1B6}"
EndProject
Global
	GlobalSection(SolutionConfigurationPlatforms) = preSolution
		Debug|Any CPU = Debug|Any CPU
		Release|Any CPU = Release|Any CPU
	EndGlobalSection
	GlobalSection(ProjectConfigurationPlatforms) = postSolution
		{372B403A-8D94-4F0B-B4A5-F6F849F2C1B6}.Debug|Any CPU.ActiveCfg = Debug|Any CPU
		{372B403A-8D94-4F0B-B4A5-F6F849F2C1B6}.Debug|Any CPU.Build.0 = Debug|Any CPU
		{372B403A-8D94-4F0B-B4A5-F6F849F2C1B6}.Release|Any CPU.ActiveCfg = Release|Any CPU
		{372B403A-8D94-4F0B-B4A5-F6F849F2C1B6}.Release|Any CPU.Build.0 = Release|Any CPU
	EndGlobalSection
	GlobalSection(SolutionProperties) = preSolution
		HideSolutionNode = FALSE
	EndGlobalSection
	GlobalSection(ExtensibilityGlobals) = postSolution
		SolutionGuid = {2602D40D-BE72-4911-B128-EE0E3888774B}
	EndGlobalSection
EndGlobal
